
Microsoft Visual Studio Solution File, Format Version 12.00
# Visual Studio 2015
Project("{FAE04EC0-301F-11D3-BF4B-00C04F79EFBC}") = "specere.Plugins", "specere.Plugins.csproj", "{29988CDD-F91D-9F44-5ED1-482420DF3D7C}"
EndProject
Project("{FAE04EC0-301F-11D3-BF4B-00C04F79EFBC}") = "specere", "specere.csproj", "{0CEBA583-D107-9760-70DB-CFFAF8434A47}"
EndProject
Project("{FAE04EC0-301F-11D3-BF4B-00C04F79EFBC}") = "specere.Editor.Plugins", "specere.Editor.Plugins.csproj", "{14FB42DF-88E0-F0D5-3F4A-B466A77094D8}"
EndProject
Global
	GlobalSection(SolutionConfigurationPlatforms) = preSolution
		Debug|Any CPU = Debug|Any CPU
		Release|Any CPU = Release|Any CPU
	EndGlobalSection
	GlobalSection(ProjectConfigurationPlatforms) = postSolution
		{29988CDD-F91D-9F44-5ED1-482420DF3D7C}.Debug|Any CPU.ActiveCfg = Debug|Any CPU
		{29988CDD-F91D-9F44-5ED1-482420DF3D7C}.Debug|Any CPU.Build.0 = Debug|Any CPU
		{29988CDD-F91D-9F44-5ED1-482420DF3D7C}.Release|Any CPU.ActiveCfg = Release|Any CPU
		{29988CDD-F91D-9F44-5ED1-482420DF3D7C}.Release|Any CPU.Build.0 = Release|Any CPU
		{0CEBA583-D107-9760-70DB-CFFAF8434A47}.Debug|Any CPU.ActiveCfg = Debug|Any CPU
		{0CEBA583-D107-9760-70DB-CFFAF8434A47}.Debug|Any CPU.Build.0 = Debug|Any CPU
		{0CEBA583-D107-9760-70DB-CFFAF8434A47}.Release|Any CPU.ActiveCfg = Release|Any CPU
		{0CEBA583-D107-9760-70DB-CFFAF8434A47}.Release|Any CPU.Build.0 = Release|Any CPU
		{14FB42DF-88E0-F0D5-3F4A-B466A77094D8}.Debug|Any CPU.ActiveCfg = Debug|Any CPU
		{14FB42DF-88E0-F0D5-3F4A-B466A77094D8}.Debug|Any CPU.Build.0 = Debug|Any CPU
		{14FB42DF-88E0-F0D5-3F4A-B466A77094D8}.Release|Any CPU.ActiveCfg = Release|Any CPU
		{14FB42DF-88E0-F0D5-3F4A-B466A77094D8}.Release|Any CPU.Build.0 = Release|Any CPU
	EndGlobalSection
	GlobalSection(SolutionProperties) = preSolution
		HideSolutionNode = FALSE
	EndGlobalSection
EndGlobal
